// !$*UTF8*$!
{
	archiveVersion = 1;
	classes = {
	};
	objectVersion = 46;
	objects = {

/* Begin PBXBuildFile section */
		0A151BF019CEC673004980C4 /* Default-568h@2x.png in Resources */ = {isa = PBXBuildFile; fileRef = 0A151BEE19CEC673004980C4 /* Default-568h@2x.png */; };
		0A151BF119CEC673004980C4 /* Default@2x.png in Resources */ = {isa = PBXBuildFile; fileRef = 0A151BEF19CEC673004980C4 /* Default@2x.png */; };
		0A5EC7DD19CDD479005C22EB /* Default-568h@2x.png in Resources */ = {isa = PBXBuildFile; fileRef = 0A5EC7DC19CDD479005C22EB /* Default-568h@2x.png */; };
		0A5EC7E019CDD5E0005C22EB /* TransitionViewController.m in Sources */ = {isa = PBXBuildFile; fileRef = 0A5EC7DF19CDD5E0005C22EB /* TransitionViewController.m */; };
		0A5EC7E319CDE371005C22EB /* VideoViewController.m in Sources */ = {isa = PBXBuildFile; fileRef = 0A5EC7E219CDE371005C22EB /* VideoViewController.m */; };
		0A5EC7E619CDE73C005C22EB /* Pool.m in Sources */ = {isa = PBXBuildFile; fileRef = 0A5EC7E519CDE73C005C22EB /* Pool.m */; };
		0A5EC7E919CDE74A005C22EB /* Video.m in Sources */ = {isa = PBXBuildFile; fileRef = 0A5EC7E819CDE74A005C22EB /* Video.m */; };
		0A5EC7EC19CDE75F005C22EB /* Comment.m in Sources */ = {isa = PBXBuildFile; fileRef = 0A5EC7EB19CDE75F005C22EB /* Comment.m */; };
		0A5EC7EF19CDEBD6005C22EB /* Place.m in Sources */ = {isa = PBXBuildFile; fileRef = 0A5EC7EE19CDEBD6005C22EB /* Place.m */; };
		0A5EC7F319CE1E7F005C22EB /* Storywalk1.mp4 in Resources */ = {isa = PBXBuildFile; fileRef = 0A5EC7F019CE1E7F005C22EB /* Storywalk1.mp4 */; };
		0A5EC7F419CE1E7F005C22EB /* Storywalk2.mp4 in Resources */ = {isa = PBXBuildFile; fileRef = 0A5EC7F119CE1E7F005C22EB /* Storywalk2.mp4 */; };
		0A5EC7F519CE1E7F005C22EB /* Storywalk3.mp4 in Resources */ = {isa = PBXBuildFile; fileRef = 0A5EC7F219CE1E7F005C22EB /* Storywalk3.mp4 */; };
		0A5EC7F819CE29B5005C22EB /* CoreBluetooth.framework in Frameworks */ = {isa = PBXBuildFile; fileRef = 0A5EC7F619CE29B5005C22EB /* CoreBluetooth.framework */; };
		0A5EC7F919CE29B5005C22EB /* CoreLocation.framework in Frameworks */ = {isa = PBXBuildFile; fileRef = 0A5EC7F719CE29B5005C22EB /* CoreLocation.framework */; };
		0A956C6A19CD9653003DD5BE /* main.m in Sources */ = {isa = PBXBuildFile; fileRef = 0A956C6919CD9653003DD5BE /* main.m */; };
		0A956C6D19CD9653003DD5BE /* AppDelegate.m in Sources */ = {isa = PBXBuildFile; fileRef = 0A956C6C19CD9653003DD5BE /* AppDelegate.m */; };
		0A956C7319CD9653003DD5BE /* Main.storyboard in Resources */ = {isa = PBXBuildFile; fileRef = 0A956C7119CD9653003DD5BE /* Main.storyboard */; };
		0A956C7519CD9653003DD5BE /* Images.xcassets in Resources */ = {isa = PBXBuildFile; fileRef = 0A956C7419CD9653003DD5BE /* Images.xcassets */; };
		0A956C8419CD9653003DD5BE /* LocationBasedVideosTests.m in Sources */ = {isa = PBXBuildFile; fileRef = 0A956C8319CD9653003DD5BE /* LocationBasedVideosTests.m */; };
		0A956C9019CDB6A5003DD5BE /* StoriesViewController.m in Sources */ = {isa = PBXBuildFile; fileRef = 0A956C8F19CDB6A5003DD5BE /* StoriesViewController.m */; };
		0A956C9419CDB836003DD5BE /* Story.m in Sources */ = {isa = PBXBuildFile; fileRef = 0A956C9319CDB836003DD5BE /* Story.m */; };
		0A956C9819CDC144003DD5BE /* StoryViewController.m in Sources */ = {isa = PBXBuildFile; fileRef = 0A956C9719CDC144003DD5BE /* StoryViewController.m */; };
		0A956C9B19CDC7F8003DD5BE /* SOLabel.m in Sources */ = {isa = PBXBuildFile; fileRef = 0A956C9A19CDC7F8003DD5BE /* SOLabel.m */; };
		0A956CA419CDCD4E003DD5BE /* story-1.jpeg in Resources */ = {isa = PBXBuildFile; fileRef = 0A956CA119CDCD4E003DD5BE /* story-1.jpeg */; };
		0A956CA519CDCD4E003DD5BE /* story-2.jpeg in Resources */ = {isa = PBXBuildFile; fileRef = 0A956CA219CDCD4E003DD5BE /* story-2.jpeg */; };
		0A956CA619CDCD4E003DD5BE /* story-3.jpeg in Resources */ = {isa = PBXBuildFile; fileRef = 0A956CA319CDCD4E003DD5BE /* story-3.jpeg */; };
		0A956CA919CDCFAA003DD5BE /* trailer.mp4 in Resources */ = {isa = PBXBuildFile; fileRef = 0A956CA819CDCFAA003DD5BE /* trailer.mp4 */; };
		0A956CAB19CDD005003DD5BE /* MediaPlayer.framework in Frameworks */ = {isa = PBXBuildFile; fileRef = 0A956CAA19CDD005003DD5BE /* MediaPlayer.framework */; };
		0AC0F59419CE5B6400569B6C /* SuccessViewController.m in Sources */ = {isa = PBXBuildFile; fileRef = 0AC0F59319CE5B6400569B6C /* SuccessViewController.m */; };
		0AC0F59719CE630F00569B6C /* story-4.jpeg in Resources */ = {isa = PBXBuildFile; fileRef = 0AC0F59519CE630F00569B6C /* story-4.jpeg */; };
		0AC0F59819CE630F00569B6C /* story-5.jpeg in Resources */ = {isa = PBXBuildFile; fileRef = 0AC0F59619CE630F00569B6C /* story-5.jpeg */; };
		C012246F1EAB48F0A07AC18C /* libPods.a in Frameworks */ = {isa = PBXBuildFile; fileRef = E0A588DEB1F84DF986D6454D /* libPods.a */; };
/* End PBXBuildFile section */

/* Begin PBXContainerItemProxy section */
		0A956C7E19CD9653003DD5BE /* PBXContainerItemProxy */ = {
			isa = PBXContainerItemProxy;
			containerPortal = 0A956C5C19CD9653003DD5BE /* Project object */;
			proxyType = 1;
			remoteGlobalIDString = 0A956C6319CD9653003DD5BE;
			remoteInfo = LocationBasedVideos;
		};
/* End PBXContainerItemProxy section */

/* Begin PBXFileReference section */
		0A151BEE19CEC673004980C4 /* Default-568h@2x.png */ = {isa = PBXFileReference; lastKnownFileType = image.png; name = "Default-568h@2x.png"; path = "Images.xcassets/LaunchImage.launchimage/Default-568h@2x.png"; sourceTree = "<group>"; };
		0A151BEF19CEC673004980C4 /* Default@2x.png */ = {isa = PBXFileReference; lastKnownFileType = image.png; name = "Default@2x.png"; path = "Images.xcassets/LaunchImage.launchimage/Default@2x.png"; sourceTree = "<group>"; };
		0A5EC7DC19CDD479005C22EB /* Default-568h@2x.png */ = {isa = PBXFileReference; lastKnownFileType = image.png; name = "Default-568h@2x.png"; path = "../Default-568h@2x.png"; sourceTree = "<group>"; };
		0A5EC7DE19CDD5E0005C22EB /* TransitionViewController.h */ = {isa = PBXFileReference; fileEncoding = 4; lastKnownFileType = sourcecode.c.h; name = TransitionViewController.h; path = Controller/TransitionViewController.h; sourceTree = "<group>"; };
		0A5EC7DF19CDD5E0005C22EB /* TransitionViewController.m */ = {isa = PBXFileReference; fileEncoding = 4; lastKnownFileType = sourcecode.c.objc; name = TransitionViewController.m; path = Controller/TransitionViewController.m; sourceTree = "<group>"; };
		0A5EC7E119CDE371005C22EB /* VideoViewController.h */ = {isa = PBXFileReference; fileEncoding = 4; lastKnownFileType = sourcecode.c.h; name = VideoViewController.h; path = Controller/VideoViewController.h; sourceTree = "<group>"; };
		0A5EC7E219CDE371005C22EB /* VideoViewController.m */ = {isa = PBXFileReference; fileEncoding = 4; lastKnownFileType = sourcecode.c.objc; name = VideoViewController.m; path = Controller/VideoViewController.m; sourceTree = "<group>"; };
		0A5EC7E419CDE73C005C22EB /* Pool.h */ = {isa = PBXFileReference; fileEncoding = 4; lastKnownFileType = sourcecode.c.h; name = Pool.h; path = Models/Pool.h; sourceTree = "<group>"; };
		0A5EC7E519CDE73C005C22EB /* Pool.m */ = {isa = PBXFileReference; fileEncoding = 4; lastKnownFileType = sourcecode.c.objc; name = Pool.m; path = Models/Pool.m; sourceTree = "<group>"; };
		0A5EC7E719CDE74A005C22EB /* Video.h */ = {isa = PBXFileReference; fileEncoding = 4; lastKnownFileType = sourcecode.c.h; path = Video.h; sourceTree = "<group>"; };
		0A5EC7E819CDE74A005C22EB /* Video.m */ = {isa = PBXFileReference; fileEncoding = 4; lastKnownFileType = sourcecode.c.objc; path = Video.m; sourceTree = "<group>"; };
		0A5EC7EA19CDE75F005C22EB /* Comment.h */ = {isa = PBXFileReference; fileEncoding = 4; lastKnownFileType = sourcecode.c.h; path = Comment.h; sourceTree = "<group>"; };
		0A5EC7EB19CDE75F005C22EB /* Comment.m */ = {isa = PBXFileReference; fileEncoding = 4; lastKnownFileType = sourcecode.c.objc; path = Comment.m; sourceTree = "<group>"; };
		0A5EC7ED19CDEBD6005C22EB /* Place.h */ = {isa = PBXFileReference; fileEncoding = 4; lastKnownFileType = sourcecode.c.h; name = Place.h; path = Models/Place.h; sourceTree = "<group>"; };
		0A5EC7EE19CDEBD6005C22EB /* Place.m */ = {isa = PBXFileReference; fileEncoding = 4; lastKnownFileType = sourcecode.c.objc; name = Place.m; path = Models/Place.m; sourceTree = "<group>"; };
		0A5EC7F019CE1E7F005C22EB /* Storywalk1.mp4 */ = {isa = PBXFileReference; lastKnownFileType = file; name = Storywalk1.mp4; path = Assets/Storywalk1.mp4; sourceTree = "<group>"; };
		0A5EC7F119CE1E7F005C22EB /* Storywalk2.mp4 */ = {isa = PBXFileReference; lastKnownFileType = file; name = Storywalk2.mp4; path = Assets/Storywalk2.mp4; sourceTree = "<group>"; };
		0A5EC7F219CE1E7F005C22EB /* Storywalk3.mp4 */ = {isa = PBXFileReference; lastKnownFileType = file; name = Storywalk3.mp4; path = Assets/Storywalk3.mp4; sourceTree = "<group>"; };
		0A5EC7F619CE29B5005C22EB /* CoreBluetooth.framework */ = {isa = PBXFileReference; lastKnownFileType = wrapper.framework; name = CoreBluetooth.framework; path = System/Library/Frameworks/CoreBluetooth.framework; sourceTree = SDKROOT; };
		0A5EC7F719CE29B5005C22EB /* CoreLocation.framework */ = {isa = PBXFileReference; lastKnownFileType = wrapper.framework; name = CoreLocation.framework; path = System/Library/Frameworks/CoreLocation.framework; sourceTree = SDKROOT; };
		0A956C6419CD9653003DD5BE /* LocationBasedVideos.app */ = {isa = PBXFileReference; explicitFileType = wrapper.application; includeInIndex = 0; path = LocationBasedVideos.app; sourceTree = BUILT_PRODUCTS_DIR; };
		0A956C6819CD9653003DD5BE /* Info.plist */ = {isa = PBXFileReference; lastKnownFileType = text.plist.xml; path = Info.plist; sourceTree = "<group>"; };
		0A956C6919CD9653003DD5BE /* main.m */ = {isa = PBXFileReference; lastKnownFileType = sourcecode.c.objc; path = main.m; sourceTree = "<group>"; };
		0A956C6B19CD9653003DD5BE /* AppDelegate.h */ = {isa = PBXFileReference; lastKnownFileType = sourcecode.c.h; path = AppDelegate.h; sourceTree = "<group>"; };
		0A956C6C19CD9653003DD5BE /* AppDelegate.m */ = {isa = PBXFileReference; lastKnownFileType = sourcecode.c.objc; path = AppDelegate.m; sourceTree = "<group>"; };
		0A956C7219CD9653003DD5BE /* Base */ = {isa = PBXFileReference; lastKnownFileType = file.storyboard; name = Base; path = Base.lproj/Main.storyboard; sourceTree = "<group>"; };
		0A956C7419CD9653003DD5BE /* Images.xcassets */ = {isa = PBXFileReference; lastKnownFileType = folder.assetcatalog; path = Images.xcassets; sourceTree = "<group>"; };
		0A956C7D19CD9653003DD5BE /* LocationBasedVideosTests.xctest */ = {isa = PBXFileReference; explicitFileType = wrapper.cfbundle; includeInIndex = 0; path = LocationBasedVideosTests.xctest; sourceTree = BUILT_PRODUCTS_DIR; };
		0A956C8219CD9653003DD5BE /* Info.plist */ = {isa = PBXFileReference; lastKnownFileType = text.plist.xml; path = Info.plist; sourceTree = "<group>"; };
		0A956C8319CD9653003DD5BE /* LocationBasedVideosTests.m */ = {isa = PBXFileReference; lastKnownFileType = sourcecode.c.objc; path = LocationBasedVideosTests.m; sourceTree = "<group>"; };
		0A956C8E19CDB6A5003DD5BE /* StoriesViewController.h */ = {isa = PBXFileReference; fileEncoding = 4; lastKnownFileType = sourcecode.c.h; name = StoriesViewController.h; path = Controller/StoriesViewController.h; sourceTree = "<group>"; };
		0A956C8F19CDB6A5003DD5BE /* StoriesViewController.m */ = {isa = PBXFileReference; fileEncoding = 4; lastKnownFileType = sourcecode.c.objc; name = StoriesViewController.m; path = Controller/StoriesViewController.m; sourceTree = "<group>"; };
		0A956C9219CDB836003DD5BE /* Story.h */ = {isa = PBXFileReference; fileEncoding = 4; lastKnownFileType = sourcecode.c.h; name = Story.h; path = Models/Story.h; sourceTree = "<group>"; };
		0A956C9319CDB836003DD5BE /* Story.m */ = {isa = PBXFileReference; fileEncoding = 4; lastKnownFileType = sourcecode.c.objc; name = Story.m; path = Models/Story.m; sourceTree = "<group>"; };
		0A956C9519CDBD05003DD5BE /* PrefixHeader.pch */ = {isa = PBXFileReference; fileEncoding = 4; lastKnownFileType = sourcecode.c.h; path = PrefixHeader.pch; sourceTree = "<group>"; };
		0A956C9619CDC144003DD5BE /* StoryViewController.h */ = {isa = PBXFileReference; fileEncoding = 4; lastKnownFileType = sourcecode.c.h; name = StoryViewController.h; path = Controller/StoryViewController.h; sourceTree = "<group>"; };
		0A956C9719CDC144003DD5BE /* StoryViewController.m */ = {isa = PBXFileReference; fileEncoding = 4; lastKnownFileType = sourcecode.c.objc; name = StoryViewController.m; path = Controller/StoryViewController.m; sourceTree = "<group>"; };
		0A956C9919CDC7F8003DD5BE /* SOLabel.h */ = {isa = PBXFileReference; fileEncoding = 4; lastKnownFileType = sourcecode.c.h; name = SOLabel.h; path = Helper/SOLabel/SOLabel.h; sourceTree = "<group>"; };
		0A956C9A19CDC7F8003DD5BE /* SOLabel.m */ = {isa = PBXFileReference; fileEncoding = 4; lastKnownFileType = sourcecode.c.objc; name = SOLabel.m; path = Helper/SOLabel/SOLabel.m; sourceTree = "<group>"; };
		0A956CA119CDCD4E003DD5BE /* story-1.jpeg */ = {isa = PBXFileReference; lastKnownFileType = image.jpeg; name = "story-1.jpeg"; path = "Assets/story-1.jpeg"; sourceTree = "<group>"; };
		0A956CA219CDCD4E003DD5BE /* story-2.jpeg */ = {isa = PBXFileReference; lastKnownFileType = image.jpeg; name = "story-2.jpeg"; path = "Assets/story-2.jpeg"; sourceTree = "<group>"; };
		0A956CA319CDCD4E003DD5BE /* story-3.jpeg */ = {isa = PBXFileReference; lastKnownFileType = image.jpeg; name = "story-3.jpeg"; path = "Assets/story-3.jpeg"; sourceTree = "<group>"; };
		0A956CA819CDCFAA003DD5BE /* trailer.mp4 */ = {isa = PBXFileReference; lastKnownFileType = file; name = trailer.mp4; path = Assets/trailer.mp4; sourceTree = "<group>"; };
		0A956CAA19CDD005003DD5BE /* MediaPlayer.framework */ = {isa = PBXFileReference; lastKnownFileType = wrapper.framework; name = MediaPlayer.framework; path = System/Library/Frameworks/MediaPlayer.framework; sourceTree = SDKROOT; };
		0AC0F59219CE5B6400569B6C /* SuccessViewController.h */ = {isa = PBXFileReference; fileEncoding = 4; lastKnownFileType = sourcecode.c.h; name = SuccessViewController.h; path = Controller/SuccessViewController.h; sourceTree = "<group>"; };
		0AC0F59319CE5B6400569B6C /* SuccessViewController.m */ = {isa = PBXFileReference; fileEncoding = 4; lastKnownFileType = sourcecode.c.objc; name = SuccessViewController.m; path = Controller/SuccessViewController.m; sourceTree = "<group>"; };
		0AC0F59519CE630F00569B6C /* story-4.jpeg */ = {isa = PBXFileReference; lastKnownFileType = image.jpeg; name = "story-4.jpeg"; path = "Assets/story-4.jpeg"; sourceTree = "<group>"; };
		0AC0F59619CE630F00569B6C /* story-5.jpeg */ = {isa = PBXFileReference; lastKnownFileType = image.jpeg; name = "story-5.jpeg"; path = "Assets/story-5.jpeg"; sourceTree = "<group>"; };
		AF7741BEB05843098632C93B /* Pods.xcconfig */ = {isa = PBXFileReference; includeInIndex = 1; lastKnownFileType = text.xcconfig; name = Pods.xcconfig; path = Pods/Pods.xcconfig; sourceTree = "<group>"; };
		E0A588DEB1F84DF986D6454D /* libPods.a */ = {isa = PBXFileReference; explicitFileType = archive.ar; includeInIndex = 0; path = libPods.a; sourceTree = BUILT_PRODUCTS_DIR; };
/* End PBXFileReference section */

/* Begin PBXFrameworksBuildPhase section */
		0A956C6119CD9653003DD5BE /* Frameworks */ = {
			isa = PBXFrameworksBuildPhase;
			buildActionMask = 2147483647;
			files = (
				0A5EC7F819CE29B5005C22EB /* CoreBluetooth.framework in Frameworks */,
				0A5EC7F919CE29B5005C22EB /* CoreLocation.framework in Frameworks */,
				0A956CAB19CDD005003DD5BE /* MediaPlayer.framework in Frameworks */,
				C012246F1EAB48F0A07AC18C /* libPods.a in Frameworks */,
			);
			runOnlyForDeploymentPostprocessing = 0;
		};
		0A956C7A19CD9653003DD5BE /* Frameworks */ = {
			isa = PBXFrameworksBuildPhase;
			buildActionMask = 2147483647;
			files = (
			);
			runOnlyForDeploymentPostprocessing = 0;
		};
/* End PBXFrameworksBuildPhase section */

/* Begin PBXGroup section */
		0A956C5B19CD9653003DD5BE = {
			isa = PBXGroup;
			children = (
				0A956C6619CD9653003DD5BE /* LocationBasedVideos */,
				0A956C8019CD9653003DD5BE /* LocationBasedVideosTests */,
				0A956C6519CD9653003DD5BE /* Products */,
				AF7741BEB05843098632C93B /* Pods.xcconfig */,
				0FD6FE5927F6486FAC396D51 /* Frameworks */,
			);
			sourceTree = "<group>";
		};
		0A956C6519CD9653003DD5BE /* Products */ = {
			isa = PBXGroup;
			children = (
				0A956C6419CD9653003DD5BE /* LocationBasedVideos.app */,
				0A956C7D19CD9653003DD5BE /* LocationBasedVideosTests.xctest */,
			);
			name = Products;
			sourceTree = "<group>";
		};
		0A956C6619CD9653003DD5BE /* LocationBasedVideos */ = {
			isa = PBXGroup;
			children = (
				0A956C6B19CD9653003DD5BE /* AppDelegate.h */,
				0A956C6C19CD9653003DD5BE /* AppDelegate.m */,
				0A956C7119CD9653003DD5BE /* Main.storyboard */,
				0A956C8D19CDB668003DD5BE /* Controller */,
				0A956C9119CDB810003DD5BE /* Model */,
				0A956C9C19CDC87A003DD5BE /* External */,
				0A956CA719CDCD54003DD5BE /* Assets */,
				0A956C6719CD9653003DD5BE /* Supporting Files */,
			);
			path = LocationBasedVideos;
			sourceTree = "<group>";
		};
		0A956C6719CD9653003DD5BE /* Supporting Files */ = {
			isa = PBXGroup;
			children = (
				0A956C6819CD9653003DD5BE /* Info.plist */,
				0A956C6919CD9653003DD5BE /* main.m */,
				0A956C9519CDBD05003DD5BE /* PrefixHeader.pch */,
			);
			name = "Supporting Files";
			sourceTree = "<group>";
		};
		0A956C8019CD9653003DD5BE /* LocationBasedVideosTests */ = {
			isa = PBXGroup;
			children = (
				0A956C8319CD9653003DD5BE /* LocationBasedVideosTests.m */,
				0A956C8119CD9653003DD5BE /* Supporting Files */,
			);
			path = LocationBasedVideosTests;
			sourceTree = "<group>";
		};
		0A956C8119CD9653003DD5BE /* Supporting Files */ = {
			isa = PBXGroup;
			children = (
				0A956C8219CD9653003DD5BE /* Info.plist */,
			);
			name = "Supporting Files";
			sourceTree = "<group>";
		};
		0A956C8D19CDB668003DD5BE /* Controller */ = {
			isa = PBXGroup;
			children = (
				0A956C8E19CDB6A5003DD5BE /* StoriesViewController.h */,
				0A956C8F19CDB6A5003DD5BE /* StoriesViewController.m */,
				0A956C9619CDC144003DD5BE /* StoryViewController.h */,
				0A956C9719CDC144003DD5BE /* StoryViewController.m */,
				0A5EC7DE19CDD5E0005C22EB /* TransitionViewController.h */,
				0A5EC7DF19CDD5E0005C22EB /* TransitionViewController.m */,
				0A5EC7E119CDE371005C22EB /* VideoViewController.h */,
				0A5EC7E219CDE371005C22EB /* VideoViewController.m */,
				0AC0F59219CE5B6400569B6C /* SuccessViewController.h */,
				0AC0F59319CE5B6400569B6C /* SuccessViewController.m */,
			);
			name = Controller;
			sourceTree = "<group>";
		};
		0A956C9119CDB810003DD5BE /* Model */ = {
			isa = PBXGroup;
			children = (
				0A956C9219CDB836003DD5BE /* Story.h */,
				0A956C9319CDB836003DD5BE /* Story.m */,
				0A5EC7E419CDE73C005C22EB /* Pool.h */,
				0A5EC7E519CDE73C005C22EB /* Pool.m */,
				0A5EC7E719CDE74A005C22EB /* Video.h */,
				0A5EC7E819CDE74A005C22EB /* Video.m */,
				0A5EC7ED19CDEBD6005C22EB /* Place.h */,
				0A5EC7EE19CDEBD6005C22EB /* Place.m */,
				0A5EC7EA19CDE75F005C22EB /* Comment.h */,
				0A5EC7EB19CDE75F005C22EB /* Comment.m */,
			);
			name = Model;
			sourceTree = "<group>";
		};
		0A956C9C19CDC87A003DD5BE /* External */ = {
			isa = PBXGroup;
			children = (
				0A956C9919CDC7F8003DD5BE /* SOLabel.h */,
				0A956C9A19CDC7F8003DD5BE /* SOLabel.m */,
			);
			name = External;
			sourceTree = "<group>";
		};
		0A956CA719CDCD54003DD5BE /* Assets */ = {
			isa = PBXGroup;
			children = (
				0A5EC7DC19CDD479005C22EB /* Default-568h@2x.png */,
				0A956C7419CD9653003DD5BE /* Images.xcassets */,
				0A151BEE19CEC673004980C4 /* Default-568h@2x.png */,
				0A151BEF19CEC673004980C4 /* Default@2x.png */,
				0A956CA119CDCD4E003DD5BE /* story-1.jpeg */,
				0A956CA219CDCD4E003DD5BE /* story-2.jpeg */,
				0A956CA319CDCD4E003DD5BE /* story-3.jpeg */,
				0AC0F59519CE630F00569B6C /* story-4.jpeg */,
				0AC0F59619CE630F00569B6C /* story-5.jpeg */,
				0A956CA819CDCFAA003DD5BE /* trailer.mp4 */,
				0A5EC7F019CE1E7F005C22EB /* Storywalk1.mp4 */,
				0A5EC7F119CE1E7F005C22EB /* Storywalk2.mp4 */,
				0A5EC7F219CE1E7F005C22EB /* Storywalk3.mp4 */,
			);
			name = Assets;
			sourceTree = "<group>";
		};
		0FD6FE5927F6486FAC396D51 /* Frameworks */ = {
			isa = PBXGroup;
			children = (
				0A5EC7F619CE29B5005C22EB /* CoreBluetooth.framework */,
				0A5EC7F719CE29B5005C22EB /* CoreLocation.framework */,
				0A956CAA19CDD005003DD5BE /* MediaPlayer.framework */,
				E0A588DEB1F84DF986D6454D /* libPods.a */,
			);
			name = Frameworks;
			sourceTree = "<group>";
		};
/* End PBXGroup section */

/* Begin PBXNativeTarget section */
		0A956C6319CD9653003DD5BE /* LocationBasedVideos */ = {
			isa = PBXNativeTarget;
			buildConfigurationList = 0A956C8719CD9653003DD5BE /* Build configuration list for PBXNativeTarget "LocationBasedVideos" */;
			buildPhases = (
				B2E0BB48A7C84B94B9694E97 /* Check Pods Manifest.lock */,
				0A956C6019CD9653003DD5BE /* Sources */,
				0A956C6119CD9653003DD5BE /* Frameworks */,
				0A956C6219CD9653003DD5BE /* Resources */,
				478D0C66B3CF47CFBF597363 /* Copy Pods Resources */,
			);
			buildRules = (
			);
			dependencies = (
			);
			name = LocationBasedVideos;
			productName = LocationBasedVideos;
			productReference = 0A956C6419CD9653003DD5BE /* LocationBasedVideos.app */;
			productType = "com.apple.product-type.application";
		};
		0A956C7C19CD9653003DD5BE /* LocationBasedVideosTests */ = {
			isa = PBXNativeTarget;
			buildConfigurationList = 0A956C8A19CD9653003DD5BE /* Build configuration list for PBXNativeTarget "LocationBasedVideosTests" */;
			buildPhases = (
				0A956C7919CD9653003DD5BE /* Sources */,
				0A956C7A19CD9653003DD5BE /* Frameworks */,
				0A956C7B19CD9653003DD5BE /* Resources */,
			);
			buildRules = (
			);
			dependencies = (
				0A956C7F19CD9653003DD5BE /* PBXTargetDependency */,
			);
			name = LocationBasedVideosTests;
			productName = LocationBasedVideosTests;
			productReference = 0A956C7D19CD9653003DD5BE /* LocationBasedVideosTests.xctest */;
			productType = "com.apple.product-type.bundle.unit-test";
		};
/* End PBXNativeTarget section */

/* Begin PBXProject section */
		0A956C5C19CD9653003DD5BE /* Project object */ = {
			isa = PBXProject;
			attributes = {
				LastUpgradeCheck = 0600;
				ORGANIZATIONNAME = "Couchfunk GmbH";
				TargetAttributes = {
					0A956C6319CD9653003DD5BE = {
						CreatedOnToolsVersion = 6.0;
						DevelopmentTeam = PA8X66Z47C;
					};
					0A956C7C19CD9653003DD5BE = {
						CreatedOnToolsVersion = 6.0;
						TestTargetID = 0A956C6319CD9653003DD5BE;
					};
				};
			};
			buildConfigurationList = 0A956C5F19CD9653003DD5BE /* Build configuration list for PBXProject "LocationBasedVideos" */;
			compatibilityVersion = "Xcode 3.2";
			developmentRegion = English;
			hasScannedForEncodings = 0;
			knownRegions = (
				en,
				Base,
			);
			mainGroup = 0A956C5B19CD9653003DD5BE;
			productRefGroup = 0A956C6519CD9653003DD5BE /* Products */;
			projectDirPath = "";
			projectRoot = "";
			targets = (
				0A956C6319CD9653003DD5BE /* LocationBasedVideos */,
				0A956C7C19CD9653003DD5BE /* LocationBasedVideosTests */,
			);
		};
/* End PBXProject section */

/* Begin PBXResourcesBuildPhase section */
		0A956C6219CD9653003DD5BE /* Resources */ = {
			isa = PBXResourcesBuildPhase;
			buildActionMask = 2147483647;
			files = (
				0A956C7319CD9653003DD5BE /* Main.storyboard in Resources */,
				0A956CA619CDCD4E003DD5BE /* story-3.jpeg in Resources */,
				0AC0F59719CE630F00569B6C /* story-4.jpeg in Resources */,
				0AC0F59819CE630F00569B6C /* story-5.jpeg in Resources */,
				0A5EC7F519CE1E7F005C22EB /* Storywalk3.mp4 in Resources */,
				0A956C7519CD9653003DD5BE /* Images.xcassets in Resources */,
				0A956CA919CDCFAA003DD5BE /* trailer.mp4 in Resources */,
				0A5EC7DD19CDD479005C22EB /* Default-568h@2x.png in Resources */,
				0A956CA519CDCD4E003DD5BE /* story-2.jpeg in Resources */,
				0A151BF019CEC673004980C4 /* Default-568h@2x.png in Resources */,
				0A5EC7F319CE1E7F005C22EB /* Storywalk1.mp4 in Resources */,
				0A956CA419CDCD4E003DD5BE /* story-1.jpeg in Resources */,
				0A151BF119CEC673004980C4 /* Default@2x.png in Resources */,
				0A5EC7F419CE1E7F005C22EB /* Storywalk2.mp4 in Resources */,
			);
			runOnlyForDeploymentPostprocessing = 0;
		};
		0A956C7B19CD9653003DD5BE /* Resources */ = {
			isa = PBXResourcesBuildPhase;
			buildActionMask = 2147483647;
			files = (
			);
			runOnlyForDeploymentPostprocessing = 0;
		};
/* End PBXResourcesBuildPhase section */

/* Begin PBXShellScriptBuildPhase section */
		478D0C66B3CF47CFBF597363 /* Copy Pods Resources */ = {
			isa = PBXShellScriptBuildPhase;
			buildActionMask = 2147483647;
			files = (
			);
			inputPaths = (
			);
			name = "Copy Pods Resources";
			outputPaths = (
			);
			runOnlyForDeploymentPostprocessing = 0;
			shellPath = /bin/sh;
			shellScript = "\"${SRCROOT}/Pods/Pods-resources.sh\"\n";
			showEnvVarsInLog = 0;
		};
		B2E0BB48A7C84B94B9694E97 /* Check Pods Manifest.lock */ = {
			isa = PBXShellScriptBuildPhase;
			buildActionMask = 2147483647;
			files = (
			);
			inputPaths = (
			);
			name = "Check Pods Manifest.lock";
			outputPaths = (
			);
			runOnlyForDeploymentPostprocessing = 0;
			shellPath = /bin/sh;
			shellScript = "diff \"${PODS_ROOT}/../Podfile.lock\" \"${PODS_ROOT}/Manifest.lock\" > /dev/null\nif [[ $? != 0 ]] ; then\n    cat << EOM\nerror: The sandbox is not in sync with the Podfile.lock. Run 'pod install' or update your CocoaPods installation.\nEOM\n    exit 1\nfi\n";
			showEnvVarsInLog = 0;
		};
/* End PBXShellScriptBuildPhase section */

/* Begin PBXSourcesBuildPhase section */
		0A956C6019CD9653003DD5BE /* Sources */ = {
			isa = PBXSourcesBuildPhase;
			buildActionMask = 2147483647;
			files = (
				0A956C9B19CDC7F8003DD5BE /* SOLabel.m in Sources */,
				0A5EC7E019CDD5E0005C22EB /* TransitionViewController.m in Sources */,
				0A956C6D19CD9653003DD5BE /* AppDelegate.m in Sources */,
				0A5EC7EF19CDEBD6005C22EB /* Place.m in Sources */,
				0A5EC7EC19CDE75F005C22EB /* Comment.m in Sources */,
				0A5EC7E919CDE74A005C22EB /* Video.m in Sources */,
				0A956C9019CDB6A5003DD5BE /* StoriesViewController.m in Sources */,
				0A956C9819CDC144003DD5BE /* StoryViewController.m in Sources */,
				0A956C6A19CD9653003DD5BE /* main.m in Sources */,
				0A5EC7E319CDE371005C22EB /* VideoViewController.m in Sources */,
				0A956C9419CDB836003DD5BE /* Story.m in Sources */,
				0AC0F59419CE5B6400569B6C /* SuccessViewController.m in Sources */,
				0A5EC7E619CDE73C005C22EB /* Pool.m in Sources */,
			);
			runOnlyForDeploymentPostprocessing = 0;
		};
		0A956C7919CD9653003DD5BE /* Sources */ = {
			isa = PBXSourcesBuildPhase;
			buildActionMask = 2147483647;
			files = (
				0A956C8419CD9653003DD5BE /* LocationBasedVideosTests.m in Sources */,
			);
			runOnlyForDeploymentPostprocessing = 0;
		};
/* End PBXSourcesBuildPhase section */

/* Begin PBXTargetDependency section */
		0A956C7F19CD9653003DD5BE /* PBXTargetDependency */ = {
			isa = PBXTargetDependency;
			target = 0A956C6319CD9653003DD5BE /* LocationBasedVideos */;
			targetProxy = 0A956C7E19CD9653003DD5BE /* PBXContainerItemProxy */;
		};
/* End PBXTargetDependency section */

/* Begin PBXVariantGroup section */
		0A956C7119CD9653003DD5BE /* Main.storyboard */ = {
			isa = PBXVariantGroup;
			children = (
				0A956C7219CD9653003DD5BE /* Base */,
			);
			name = Main.storyboard;
			sourceTree = "<group>";
		};
/* End PBXVariantGroup section */

/* Begin XCBuildConfiguration section */
		0A956C8519CD9653003DD5BE /* Debug */ = {
			isa = XCBuildConfiguration;
			buildSettings = {
				ALWAYS_SEARCH_USER_PATHS = NO;
				CLANG_CXX_LANGUAGE_STANDARD = "gnu++0x";
				CLANG_CXX_LIBRARY = "libc++";
				CLANG_ENABLE_MODULES = YES;
				CLANG_ENABLE_OBJC_ARC = YES;
				CLANG_WARN_BOOL_CONVERSION = YES;
				CLANG_WARN_CONSTANT_CONVERSION = YES;
				CLANG_WARN_DIRECT_OBJC_ISA_USAGE = YES_ERROR;
				CLANG_WARN_EMPTY_BODY = YES;
				CLANG_WARN_ENUM_CONVERSION = YES;
				CLANG_WARN_INT_CONVERSION = YES;
				CLANG_WARN_OBJC_ROOT_CLASS = YES_ERROR;
				CLANG_WARN_UNREACHABLE_CODE = YES;
				CLANG_WARN__DUPLICATE_METHOD_MATCH = YES;
				"CODE_SIGN_IDENTITY[sdk=iphoneos*]" = "iPhone Developer";
				COPY_PHASE_STRIP = NO;
				ENABLE_STRICT_OBJC_MSGSEND = YES;
				GCC_C_LANGUAGE_STANDARD = gnu99;
				GCC_DYNAMIC_NO_PIC = NO;
				GCC_OPTIMIZATION_LEVEL = 0;
				GCC_PREPROCESSOR_DEFINITIONS = (
					"DEBUG=1",
					"$(inherited)",
				);
				GCC_SYMBOLS_PRIVATE_EXTERN = NO;
				GCC_WARN_64_TO_32_BIT_CONVERSION = YES;
				GCC_WARN_ABOUT_RETURN_TYPE = YES_ERROR;
				GCC_WARN_UNDECLARED_SELECTOR = YES;
				GCC_WARN_UNINITIALIZED_AUTOS = YES_AGGRESSIVE;
				GCC_WARN_UNUSED_FUNCTION = YES;
				GCC_WARN_UNUSED_VARIABLE = YES;
				IPHONEOS_DEPLOYMENT_TARGET = 8.0;
				MTL_ENABLE_DEBUG_INFO = YES;
				ONLY_ACTIVE_ARCH = YES;
				SDKROOT = iphoneos;
			};
			name = Debug;
		};
		0A956C8619CD9653003DD5BE /* Release */ = {
			isa = XCBuildConfiguration;
			buildSettings = {
				ALWAYS_SEARCH_USER_PATHS = NO;
				CLANG_CXX_LANGUAGE_STANDARD = "gnu++0x";
				CLANG_CXX_LIBRARY = "libc++";
				CLANG_ENABLE_MODULES = YES;
				CLANG_ENABLE_OBJC_ARC = YES;
				CLANG_WARN_BOOL_CONVERSION = YES;
				CLANG_WARN_CONSTANT_CONVERSION = YES;
				CLANG_WARN_DIRECT_OBJC_ISA_USAGE = YES_ERROR;
				CLANG_WARN_EMPTY_BODY = YES;
				CLANG_WARN_ENUM_CONVERSION = YES;
				CLANG_WARN_INT_CONVERSION = YES;
				CLANG_WARN_OBJC_ROOT_CLASS = YES_ERROR;
				CLANG_WARN_UNREACHABLE_CODE = YES;
				CLANG_WARN__DUPLICATE_METHOD_MATCH = YES;
				"CODE_SIGN_IDENTITY[sdk=iphoneos*]" = "iPhone Developer";
				COPY_PHASE_STRIP = YES;
				ENABLE_NS_ASSERTIONS = NO;
				ENABLE_STRICT_OBJC_MSGSEND = YES;
				GCC_C_LANGUAGE_STANDARD = gnu99;
				GCC_WARN_64_TO_32_BIT_CONVERSION = YES;
				GCC_WARN_ABOUT_RETURN_TYPE = YES_ERROR;
				GCC_WARN_UNDECLARED_SELECTOR = YES;
				GCC_WARN_UNINITIALIZED_AUTOS = YES_AGGRESSIVE;
				GCC_WARN_UNUSED_FUNCTION = YES;
				GCC_WARN_UNUSED_VARIABLE = YES;
				IPHONEOS_DEPLOYMENT_TARGET = 8.0;
				MTL_ENABLE_DEBUG_INFO = NO;
				SDKROOT = iphoneos;
				VALIDATE_PRODUCT = YES;
			};
			name = Release;
		};
		0A956C8819CD9653003DD5BE /* Debug */ = {
			isa = XCBuildConfiguration;
			baseConfigurationReference = AF7741BEB05843098632C93B /* Pods.xcconfig */;
			buildSettings = {
				ASSETCATALOG_COMPILER_APPICON_NAME = AppIcon;
				ASSETCATALOG_COMPILER_LAUNCHIMAGE_NAME = LaunchImage;
				CODE_SIGN_IDENTITY = "iPhone Developer";
				"CODE_SIGN_IDENTITY[sdk=iphoneos*]" = "iPhone Developer";
				GCC_PREFIX_HEADER = LocationBasedVideos/PrefixHeader.pch;
				INFOPLIST_FILE = LocationBasedVideos/Info.plist;
				IPHONEOS_DEPLOYMENT_TARGET = 7.0;
				LD_RUNPATH_SEARCH_PATHS = "$(inherited) @executable_path/Frameworks";
				PRODUCT_NAME = "$(TARGET_NAME)";
				PROVISIONING_PROFILE = "";
			};
			name = Debug;
		};
		0A956C8919CD9653003DD5BE /* Release */ = {
			isa = XCBuildConfiguration;
			baseConfigurationReference = AF7741BEB05843098632C93B /* Pods.xcconfig */;
			buildSettings = {
				ASSETCATALOG_COMPILER_APPICON_NAME = AppIcon;
				ASSETCATALOG_COMPILER_LAUNCHIMAGE_NAME = LaunchImage;
				CODE_SIGN_IDENTITY = "iPhone Developer";
				"CODE_SIGN_IDENTITY[sdk=iphoneos*]" = "iPhone Developer";
				GCC_PREFIX_HEADER = LocationBasedVideos/PrefixHeader.pch;
				INFOPLIST_FILE = LocationBasedVideos/Info.plist;
				IPHONEOS_DEPLOYMENT_TARGET = 7.0;
				LD_RUNPATH_SEARCH_PATHS = "$(inherited) @executable_path/Frameworks";
				PRODUCT_NAME = "$(TARGET_NAME)";
				PROVISIONING_PROFILE = "";
			};
			name = Release;
		};
		0A956C8B19CD9653003DD5BE /* Debug */ = {
			isa = XCBuildConfiguration;
			buildSettings = {
				BUNDLE_LOADER = "$(TEST_HOST)";
				FRAMEWORK_SEARCH_PATHS = (
					"$(SDKROOT)/Developer/Library/Frameworks",
					"$(inherited)",
				);
				GCC_PREPROCESSOR_DEFINITIONS = (
					"DEBUG=1",
					"$(inherited)",
				);
				INFOPLIST_FILE = LocationBasedVideosTests/Info.plist;
				IPHONEOS_DEPLOYMENT_TARGET = 7.0;
				LD_RUNPATH_SEARCH_PATHS = "$(inherited) @executable_path/Frameworks @loader_path/Frameworks";
				PRODUCT_NAME = "$(TARGET_NAME)";
				TEST_HOST = "$(BUILT_PRODUCTS_DIR)/LocationBasedVideos.app/LocationBasedVideos";
			};
			name = Debug;
		};
		0A956C8C19CD9653003DD5BE /* Release */ = {
			isa = XCBuildConfiguration;
			buildSettings = {
				BUNDLE_LOADER = "$(TEST_HOST)";
				FRAMEWORK_SEARCH_PATHS = (
					"$(SDKROOT)/Developer/Library/Frameworks",
					"$(inherited)",
				);
				INFOPLIST_FILE = LocationBasedVideosTests/Info.plist;
				IPHONEOS_DEPLOYMENT_TARGET = 7.0;
				LD_RUNPATH_SEARCH_PATHS = "$(inherited) @executable_path/Frameworks @loader_path/Frameworks";
				PRODUCT_NAME = "$(TARGET_NAME)";
				TEST_HOST = "$(BUILT_PRODUCTS_DIR)/LocationBasedVideos.app/LocationBasedVideos";
			};
			name = Release;
		};
/* End XCBuildConfiguration section */

/* Begin XCConfigurationList section */
		0A956C5F19CD9653003DD5BE /* Build configuration list for PBXProject "LocationBasedVideos" */ = {
			isa = XCConfigurationList;
			buildConfigurations = (
				0A956C8519CD9653003DD5BE /* Debug */,
				0A956C8619CD9653003DD5BE /* Release */,
			);
			defaultConfigurationIsVisible = 0;
			defaultConfigurationName = Release;
		};
		0A956C8719CD9653003DD5BE /* Build configuration list for PBXNativeTarget "LocationBasedVideos" */ = {
			isa = XCConfigurationList;
			buildConfigurations = (
				0A956C8819CD9653003DD5BE /* Debug */,
				0A956C8919CD9653003DD5BE /* Release */,
			);
			defaultConfigurationIsVisible = 0;
			defaultConfigurationName = Release;
		};
		0A956C8A19CD9653003DD5BE /* Build configuration list for PBXNativeTarget "LocationBasedVideosTests" */ = {
			isa = XCConfigurationList;
			buildConfigurations = (
				0A956C8B19CD9653003DD5BE /* Debug */,
				0A956C8C19CD9653003DD5BE /* Release */,
			);
			defaultConfigurationIsVisible = 0;
			defaultConfigurationName = Release;
		};
/* End XCConfigurationList section */
	};
	rootObject = 0A956C5C19CD9653003DD5BE /* Project object */;
}
